{
  "version": "5",
  "specifiers": {
    "jsr:@std/cli@1": "1.0.20",
    "jsr:@std/dotenv@0.225": "0.225.5",
    "npm:@aws-sdk/client-s3@3": "3.848.0"
  },
  "jsr": {
    "@std/cli@1.0.20": {
      "integrity": "a8c384a2c98cec6ec6a2055c273a916e2772485eb784af0db004c5ab8ba52333"
    },
    "@std/dotenv@0.225.5": {
      "integrity": "9ce6f9d0ec3311f74a32535aa1b8c62ed88b1ab91b7f0815797d77a6f60c922f"
    }
  },
  "npm": {
    "@aws-crypto/crc32@5.2.0": {
      "integrity": "sha512-nLbCWqQNgUiwwtFsen1AdzAtvuLRsQS8rYgMuxCrdKf9kOssamGLuPwyTY9wyYblNr9+1XM8v6zoDTPPSIeANg==",
      "dependencies": [
        "@aws-crypto/util",
        "@aws-sdk/types",
        "tslib"
      ]
    },
    "@aws-crypto/crc32c@5.2.0": {
      "integrity": "sha512-+iWb8qaHLYKrNvGRbiYRHSdKRWhto5XlZUEBwDjYNf+ly5SVYG6zEoYIdxvf5R3zyeP16w4PLBn3rH1xc74Rag==",
      "dependencies": [
        "@aws-crypto/util",
        "@aws-sdk/types",
        "tslib"
      ]
    },
    "@aws-crypto/sha1-browser@5.2.0": {
      "integrity": "sha512-OH6lveCFfcDjX4dbAvCFSYUjJZjDr/3XJ3xHtjn3Oj5b9RjojQo8npoLeA/bNwkOkrSQ0wgrHzXk4tDRxGKJeg==",
      "dependencies": [
        "@aws-crypto/supports-web-crypto",
        "@aws-crypto/util",
        "@aws-sdk/types",
        "@aws-sdk/util-locate-window",
        "@smithy/util-utf8@2.3.0",
        "tslib"
      ]
    },
    "@aws-crypto/sha256-browser@5.2.0": {
      "integrity": "sha512-AXfN/lGotSQwu6HNcEsIASo7kWXZ5HYWvfOmSNKDsEqC4OashTp8alTmaz+F7TC2L083SFv5RdB+qU3Vs1kZqw==",
      "dependencies": [
        "@aws-crypto/sha256-js",
        "@aws-crypto/supports-web-crypto",
        "@aws-crypto/util",
        "@aws-sdk/types",
        "@aws-sdk/util-locate-window",
        "@smithy/util-utf8@2.3.0",
        "tslib"
      ]
    },
    "@aws-crypto/sha256-js@5.2.0": {
      "integrity": "sha512-FFQQyu7edu4ufvIZ+OadFpHHOt+eSTBaYaki44c+akjg7qZg9oOQeLlk77F6tSYqjDAFClrHJk9tMf0HdVyOvA==",
      "dependencies": [
        "@aws-crypto/util",
        "@aws-sdk/types",
        "tslib"
      ]
    },
    "@aws-crypto/supports-web-crypto@5.2.0": {
      "integrity": "sha512-iAvUotm021kM33eCdNfwIN//F77/IADDSs58i+MDaOqFrVjZo9bAal0NK7HurRuWLLpF1iLX7gbWrjHjeo+YFg==",
      "dependencies": [
        "tslib"
      ]
    },
    "@aws-crypto/util@5.2.0": {
      "integrity": "sha512-4RkU9EsI6ZpBve5fseQlGNUWKMa1RLPQ1dnjnQoe07ldfIzcsGb5hC5W0Dm7u423KWzawlrpbjXBrXCEv9zazQ==",
      "dependencies": [
        "@aws-sdk/types",
        "@smithy/util-utf8@2.3.0",
        "tslib"
      ]
    },
    "@aws-sdk/client-s3@3.848.0": {
      "integrity": "sha512-6uT+THQfsB92eAH0p5zvpGiSCtO2ZhGwmuw6HWEngui53YIWz7W/GCnN0G7nrKpgD5DPrMaBwqZvKuoAh9NHAQ==",
      "dependencies": [
        "@aws-crypto/sha1-browser",
        "@aws-crypto/sha256-browser",
        "@aws-crypto/sha256-js",
        "@aws-sdk/core",
        "@aws-sdk/credential-provider-node",
        "@aws-sdk/middleware-bucket-endpoint",
        "@aws-sdk/middleware-expect-continue",
        "@aws-sdk/middleware-flexible-checksums",
        "@aws-sdk/middleware-host-header",
        "@aws-sdk/middleware-location-constraint",
        "@aws-sdk/middleware-logger",
        "@aws-sdk/middleware-recursion-detection",
        "@aws-sdk/middleware-sdk-s3",
        "@aws-sdk/middleware-ssec",
        "@aws-sdk/middleware-user-agent",
        "@aws-sdk/region-config-resolver",
        "@aws-sdk/signature-v4-multi-region",
        "@aws-sdk/types",
        "@aws-sdk/util-endpoints",
        "@aws-sdk/util-user-agent-browser",
        "@aws-sdk/util-user-agent-node",
        "@aws-sdk/xml-builder",
        "@smithy/config-resolver",
        "@smithy/core",
        "@smithy/eventstream-serde-browser",
        "@smithy/eventstream-serde-config-resolver",
        "@smithy/eventstream-serde-node",
        "@smithy/fetch-http-handler",
        "@smithy/hash-blob-browser",
        "@smithy/hash-node",
        "@smithy/hash-stream-node",
        "@smithy/invalid-dependency",
        "@smithy/md5-js",
        "@smithy/middleware-content-length",
        "@smithy/middleware-endpoint",
        "@smithy/middleware-retry",
        "@smithy/middleware-serde",
        "@smithy/middleware-stack",
        "@smithy/node-config-provider",
        "@smithy/node-http-handler",
        "@smithy/protocol-http",
        "@smithy/smithy-client",
        "@smithy/types",
        "@smithy/url-parser",
        "@smithy/util-base64",
        "@smithy/util-body-length-browser",
        "@smithy/util-body-length-node",
        "@smithy/util-defaults-mode-browser",
        "@smithy/util-defaults-mode-node",
        "@smithy/util-endpoints",
        "@smithy/util-middleware",
        "@smithy/util-retry",
        "@smithy/util-stream",
        "@smithy/util-utf8@4.0.0",
        "@smithy/util-waiter",
        "@types/uuid",
        "tslib",
        "uuid"
      ]
    },
    "@aws-sdk/client-sso@3.848.0": {
      "integrity": "sha512-mD+gOwoeZQvbecVLGoCmY6pS7kg02BHesbtIxUj+PeBqYoZV5uLvjUOmuGfw1SfoSobKvS11urxC9S7zxU/Maw==",
      "dependencies": [
        "@aws-crypto/sha256-browser",
        "@aws-crypto/sha256-js",
        "@aws-sdk/core",
        "@aws-sdk/middleware-host-header",
        "@aws-sdk/middleware-logger",
        "@aws-sdk/middleware-recursion-detection",
        "@aws-sdk/middleware-user-agent",
        "@aws-sdk/region-config-resolver",
        "@aws-sdk/types",
        "@aws-sdk/util-endpoints",
        "@aws-sdk/util-user-agent-browser",
        "@aws-sdk/util-user-agent-node",
        "@smithy/config-resolver",
        "@smithy/core",
        "@smithy/fetch-http-handler",
        "@smithy/hash-node",
        "@smithy/invalid-dependency",
        "@smithy/middleware-content-length",
        "@smithy/middleware-endpoint",
        "@smithy/middleware-retry",
        "@smithy/middleware-serde",
        "@smithy/middleware-stack",
        "@smithy/node-config-provider",
        "@smithy/node-http-handler",
        "@smithy/protocol-http",
        "@smithy/smithy-client",
        "@smithy/types",
        "@smithy/url-parser",
        "@smithy/util-base64",
        "@smithy/util-body-length-browser",
        "@smithy/util-body-length-node",
        "@smithy/util-defaults-mode-browser",
        "@smithy/util-defaults-mode-node",
        "@smithy/util-endpoints",
        "@smithy/util-middleware",
        "@smithy/util-retry",
        "@smithy/util-utf8@4.0.0",
        "tslib"
      ]
    },
    "@aws-sdk/core@3.846.0": {
      "integrity": "sha512-7CX0pM906r4WSS68fCTNMTtBCSkTtf3Wggssmx13gD40gcWEZXsU00KzPp1bYheNRyPlAq3rE22xt4wLPXbuxA==",
      "dependencies": [
        "@aws-sdk/types",
        "@aws-sdk/xml-builder",
        "@smithy/core",
        "@smithy/node-config-provider",
        "@smithy/property-provider",
        "@smithy/protocol-http",
        "@smithy/signature-v4",
        "@smithy/smithy-client",
        "@smithy/types",
        "@smithy/util-base64",
        "@smithy/util-body-length-browser",
        "@smithy/util-middleware",
        "@smithy/util-utf8@4.0.0",
        "fast-xml-parser",
        "tslib"
      ]
    },
    "@aws-sdk/credential-provider-env@3.846.0": {
      "integrity": "sha512-QuCQZET9enja7AWVISY+mpFrEIeHzvkx/JEEbHYzHhUkxcnC2Kq2c0bB7hDihGD0AZd3Xsm653hk1O97qu69zg==",
      "dependencies": [
        "@aws-sdk/core",
        "@aws-sdk/types",
        "@smithy/property-provider",
        "@smithy/types",
        "tslib"
      ]
    },
    "@aws-sdk/credential-provider-http@3.846.0": {
      "integrity": "sha512-Jh1iKUuepdmtreMYozV2ePsPcOF5W9p3U4tWhi3v6nDvz0GsBjzjAROW+BW8XMz9vAD3I9R+8VC3/aq63p5nlw==",
      "dependencies": [
        "@aws-sdk/core",
        "@aws-sdk/types",
        "@smithy/fetch-http-handler",
        "@smithy/node-http-handler",
        "@smithy/property-provider",
        "@smithy/protocol-http",
        "@smithy/smithy-client",
        "@smithy/types",
        "@smithy/util-stream",
        "tslib"
      ]
    },
    "@aws-sdk/credential-provider-ini@3.848.0": {
      "integrity": "sha512-r6KWOG+En2xujuMhgZu7dzOZV3/M5U/5+PXrG8dLQ3rdPRB3vgp5tc56KMqLwm/EXKRzAOSuw/UE4HfNOAB8Hw==",
      "dependencies": [
        "@aws-sdk/core",
        "@aws-sdk/credential-provider-env",
        "@aws-sdk/credential-provider-http",
        "@aws-sdk/credential-provider-process",
        "@aws-sdk/credential-provider-sso",
        "@aws-sdk/credential-provider-web-identity",
        "@aws-sdk/nested-clients",
        "@aws-sdk/types",
        "@smithy/credential-provider-imds",
        "@smithy/property-provider",
        "@smithy/shared-ini-file-loader",
        "@smithy/types",
        "tslib"
      ]
    },
    "@aws-sdk/credential-provider-node@3.848.0": {
      "integrity": "sha512-AblNesOqdzrfyASBCo1xW3uweiSro4Kft9/htdxLeCVU1KVOnFWA5P937MNahViRmIQm2sPBCqL8ZG0u9lnh5g==",
      "dependencies": [
        "@aws-sdk/credential-provider-env",
        "@aws-sdk/credential-provider-http",
        "@aws-sdk/credential-provider-ini",
        "@aws-sdk/credential-provider-process",
        "@aws-sdk/credential-provider-sso",
        "@aws-sdk/credential-provider-web-identity",
        "@aws-sdk/types",
        "@smithy/credential-provider-imds",
        "@smithy/property-provider",
        "@smithy/shared-ini-file-loader",
        "@smithy/types",
        "tslib"
      ]
    },
    "@aws-sdk/credential-provider-process@3.846.0": {
      "integrity": "sha512-mEpwDYarJSH+CIXnnHN0QOe0MXI+HuPStD6gsv3z/7Q6ESl8KRWon3weFZCDnqpiJMUVavlDR0PPlAFg2MQoPg==",
      "dependencies": [
        "@aws-sdk/core",
        "@aws-sdk/types",
        "@smithy/property-provider",
        "@smithy/shared-ini-file-loader",
        "@smithy/types",
        "tslib"
      ]
    },
    "@aws-sdk/credential-provider-sso@3.848.0": {
      "integrity": "sha512-pozlDXOwJZL0e7w+dqXLgzVDB7oCx4WvtY0sk6l4i07uFliWF/exupb6pIehFWvTUcOvn5aFTTqcQaEzAD5Wsg==",
      "dependencies": [
        "@aws-sdk/client-sso",
        "@aws-sdk/core",
        "@aws-sdk/token-providers",
        "@aws-sdk/types",
        "@smithy/property-provider",
        "@smithy/shared-ini-file-loader",
        "@smithy/types",
        "tslib"
      ]
    },
    "@aws-sdk/credential-provider-web-identity@3.848.0": {
      "integrity": "sha512-D1fRpwPxtVDhcSc/D71exa2gYweV+ocp4D3brF0PgFd//JR3XahZ9W24rVnTQwYEcK9auiBZB89Ltv+WbWN8qw==",
      "dependencies": [
        "@aws-sdk/core",
        "@aws-sdk/nested-clients",
        "@aws-sdk/types",
        "@smithy/property-provider",
        "@smithy/types",
        "tslib"
      ]
    },
    "@aws-sdk/middleware-bucket-endpoint@3.840.0": {
      "integrity": "sha512-+gkQNtPwcSMmlwBHFd4saVVS11In6ID1HczNzpM3MXKXRBfSlbZJbCt6wN//AZ8HMklZEik4tcEOG0qa9UY8SQ==",
      "dependencies": [
        "@aws-sdk/types",
        "@aws-sdk/util-arn-parser",
        "@smithy/node-config-provider",
        "@smithy/protocol-http",
        "@smithy/types",
        "@smithy/util-config-provider",
        "tslib"
      ]
    },
    "@aws-sdk/middleware-expect-continue@3.840.0": {
      "integrity": "sha512-iJg2r6FKsKKvdiU4oCOuCf7Ro/YE0Q2BT/QyEZN3/Rt8Nr4SAZiQOlcBXOCpGvuIKOEAhvDOUnW3aDHL01PdVw==",
      "dependencies": [
        "@aws-sdk/types",
        "@smithy/protocol-http",
        "@smithy/types",
        "tslib"
      ]
    },
    "@aws-sdk/middleware-flexible-checksums@3.846.0": {
      "integrity": "sha512-CdkeVfkwt3+bDLhmOwBxvkUf6oY9iUhvosaUnqkoPsOqIiUEN54yTGOnO8A0wLz6mMsZ6aBlfFrQhFnxt3c+yw==",
      "dependencies": [
        "@aws-crypto/crc32",
        "@aws-crypto/crc32c",
        "@aws-crypto/util",
        "@aws-sdk/core",
        "@aws-sdk/types",
        "@smithy/is-array-buffer@4.0.0",
        "@smithy/node-config-provider",
        "@smithy/protocol-http",
        "@smithy/types",
        "@smithy/util-middleware",
        "@smithy/util-stream",
        "@smithy/util-utf8@4.0.0",
        "tslib"
      ]
    },
    "@aws-sdk/middleware-host-header@3.840.0": {
      "integrity": "sha512-ub+hXJAbAje94+Ya6c6eL7sYujoE8D4Bumu1NUI8TXjUhVVn0HzVWQjpRLshdLsUp1AW7XyeJaxyajRaJQ8+Xg==",
      "dependencies": [
        "@aws-sdk/types",
        "@smithy/protocol-http",
        "@smithy/types",
        "tslib"
      ]
    },
    "@aws-sdk/middleware-location-constraint@3.840.0": {
      "integrity": "sha512-KVLD0u0YMF3aQkVF8bdyHAGWSUY6N1Du89htTLgqCcIhSxxAJ9qifrosVZ9jkAzqRW99hcufyt2LylcVU2yoKQ==",
      "dependencies": [
        "@aws-sdk/types",
        "@smithy/types",
        "tslib"
      ]
    },
    "@aws-sdk/middleware-logger@3.840.0": {
      "integrity": "sha512-lSV8FvjpdllpGaRspywss4CtXV8M7NNNH+2/j86vMH+YCOZ6fu2T/TyFd/tHwZ92vDfHctWkRbQxg0bagqwovA==",
      "dependencies": [
        "@aws-sdk/types",
        "@smithy/types",
        "tslib"
      ]
    },
    "@aws-sdk/middleware-recursion-detection@3.840.0": {
      "integrity": "sha512-Gu7lGDyfddyhIkj1Z1JtrY5NHb5+x/CRiB87GjaSrKxkDaydtX2CU977JIABtt69l9wLbcGDIQ+W0uJ5xPof7g==",
      "dependencies": [
        "@aws-sdk/types",
        "@smithy/protocol-http",
        "@smithy/types",
        "tslib"
      ]
    },
    "@aws-sdk/middleware-sdk-s3@3.846.0": {
      "integrity": "sha512-jP9x+2Q87J5l8FOP+jlAd7vGLn0cC6G9QGmf386e5OslBPqxXKcl3RjqGLIOKKos2mVItY3ApP5xdXQx7jGTVA==",
      "dependencies": [
        "@aws-sdk/core",
        "@aws-sdk/types",
        "@aws-sdk/util-arn-parser",
        "@smithy/core",
        "@smithy/node-config-provider",
        "@smithy/protocol-http",
        "@smithy/signature-v4",
        "@smithy/smithy-client",
        "@smithy/types",
        "@smithy/util-config-provider",
        "@smithy/util-middleware",
        "@smithy/util-stream",
        "@smithy/util-utf8@4.0.0",
        "tslib"
      ]
    },
    "@aws-sdk/middleware-ssec@3.840.0": {
      "integrity": "sha512-CBZP9t1QbjDFGOrtnUEHL1oAvmnCUUm7p0aPNbIdSzNtH42TNKjPRN3TuEIJDGjkrqpL3MXyDSmNayDcw/XW7Q==",
      "dependencies": [
        "@aws-sdk/types",
        "@smithy/types",
        "tslib"
      ]
    },
    "@aws-sdk/middleware-user-agent@3.848.0": {
      "integrity": "sha512-rjMuqSWJEf169/ByxvBqfdei1iaduAnfolTshsZxwcmLIUtbYrFUmts0HrLQqsAG8feGPpDLHA272oPl+NTCCA==",
      "dependencies": [
        "@aws-sdk/core",
        "@aws-sdk/types",
        "@aws-sdk/util-endpoints",
        "@smithy/core",
        "@smithy/protocol-http",
        "@smithy/types",
        "tslib"
      ]
    },
    "@aws-sdk/nested-clients@3.848.0": {
      "integrity": "sha512-joLsyyo9u61jnZuyYzo1z7kmS7VgWRAkzSGESVzQHfOA1H2PYeUFek6vLT4+c9xMGrX/Z6B0tkRdzfdOPiatLg==",
      "dependencies": [
        "@aws-crypto/sha256-browser",
        "@aws-crypto/sha256-js",
        "@aws-sdk/core",
        "@aws-sdk/middleware-host-header",
        "@aws-sdk/middleware-logger",
        "@aws-sdk/middleware-recursion-detection",
        "@aws-sdk/middleware-user-agent",
        "@aws-sdk/region-config-resolver",
        "@aws-sdk/types",
        "@aws-sdk/util-endpoints",
        "@aws-sdk/util-user-agent-browser",
        "@aws-sdk/util-user-agent-node",
        "@smithy/config-resolver",
        "@smithy/core",
        "@smithy/fetch-http-handler",
        "@smithy/hash-node",
        "@smithy/invalid-dependency",
        "@smithy/middleware-content-length",
        "@smithy/middleware-endpoint",
        "@smithy/middleware-retry",
        "@smithy/middleware-serde",
        "@smithy/middleware-stack",
        "@smithy/node-config-provider",
        "@smithy/node-http-handler",
        "@smithy/protocol-http",
        "@smithy/smithy-client",
        "@smithy/types",
        "@smithy/url-parser",
        "@smithy/util-base64",
        "@smithy/util-body-length-browser",
        "@smithy/util-body-length-node",
        "@smithy/util-defaults-mode-browser",
        "@smithy/util-defaults-mode-node",
        "@smithy/util-endpoints",
        "@smithy/util-middleware",
        "@smithy/util-retry",
        "@smithy/util-utf8@4.0.0",
        "tslib"
      ]
    },
    "@aws-sdk/region-config-resolver@3.840.0": {
      "integrity": "sha512-Qjnxd/yDv9KpIMWr90ZDPtRj0v75AqGC92Lm9+oHXZ8p1MjG5JE2CW0HL8JRgK9iKzgKBL7pPQRXI8FkvEVfrA==",
      "dependencies": [
        "@aws-sdk/types",
        "@smithy/node-config-provider",
        "@smithy/types",
        "@smithy/util-config-provider",
        "@smithy/util-middleware",
        "tslib"
      ]
    },
    "@aws-sdk/signature-v4-multi-region@3.846.0": {
      "integrity": "sha512-ZMfIMxUljqZzPJGOcraC6erwq/z1puNMU35cO1a/WdhB+LdYknMn1lr7SJuH754QwNzzIlZbEgg4hoHw50+DpQ==",
      "dependencies": [
        "@aws-sdk/middleware-sdk-s3",
        "@aws-sdk/types",
        "@smithy/protocol-http",
        "@smithy/signature-v4",
        "@smithy/types",
        "tslib"
      ]
    },
    "@aws-sdk/token-providers@3.848.0": {
      "integrity": "sha512-oNPyM4+Di2Umu0JJRFSxDcKQ35+Chl/rAwD47/bS0cDPI8yrao83mLXLeDqpRPHyQW4sXlP763FZcuAibC0+mg==",
      "dependencies": [
        "@aws-sdk/core",
        "@aws-sdk/nested-clients",
        "@aws-sdk/types",
        "@smithy/property-provider",
        "@smithy/shared-ini-file-loader",
        "@smithy/types",
        "tslib"
      ]
    },
    "@aws-sdk/types@3.840.0": {
      "integrity": "sha512-xliuHaUFZxEx1NSXeLLZ9Dyu6+EJVQKEoD+yM+zqUo3YDZ7medKJWY6fIOKiPX/N7XbLdBYwajb15Q7IL8KkeA==",
      "dependencies": [
        "@smithy/types",
        "tslib"
      ]
    },
    "@aws-sdk/util-arn-parser@3.804.0": {
      "integrity": "sha512-wmBJqn1DRXnZu3b4EkE6CWnoWMo1ZMvlfkqU5zPz67xx1GMaXlDCchFvKAXMjk4jn/L1O3tKnoFDNsoLV1kgNQ==",
      "dependencies": [
        "tslib"
      ]
    },
    "@aws-sdk/util-endpoints@3.848.0": {
      "integrity": "sha512-fY/NuFFCq/78liHvRyFKr+aqq1aA/uuVSANjzr5Ym8c+9Z3HRPE9OrExAHoMrZ6zC8tHerQwlsXYYH5XZ7H+ww==",
      "dependencies": [
        "@aws-sdk/types",
        "@smithy/types",
        "@smithy/url-parser",
        "@smithy/util-endpoints",
        "tslib"
      ]
    },
    "@aws-sdk/util-locate-window@3.804.0": {
      "integrity": "sha512-zVoRfpmBVPodYlnMjgVjfGoEZagyRF5IPn3Uo6ZvOZp24chnW/FRstH7ESDHDDRga4z3V+ElUQHKpFDXWyBW5A==",
      "dependencies": [
        "tslib"
      ]
    },
    "@aws-sdk/util-user-agent-browser@3.840.0": {
      "integrity": "sha512-JdyZM3EhhL4PqwFpttZu1afDpPJCCc3eyZOLi+srpX11LsGj6sThf47TYQN75HT1CarZ7cCdQHGzP2uy3/xHfQ==",
      "dependencies": [
        "@aws-sdk/types",
        "@smithy/types",
        "bowser",
        "tslib"
      ]
    },
    "@aws-sdk/util-user-agent-node@3.848.0": {
      "integrity": "sha512-Zz1ft9NiLqbzNj/M0jVNxaoxI2F4tGXN0ZbZIj+KJ+PbJo+w5+Jo6d0UDAtbj3AEd79pjcCaP4OA9NTVzItUdw==",
      "dependencies": [
        "@aws-sdk/middleware-user-agent",
        "@aws-sdk/types",
        "@smithy/node-config-provider",
        "@smithy/types",
        "tslib"
      ]
    },
    "@aws-sdk/xml-builder@3.821.0": {
      "integrity": "sha512-DIIotRnefVL6DiaHtO6/21DhJ4JZnnIwdNbpwiAhdt/AVbttcE4yw925gsjur0OGv5BTYXQXU3YnANBYnZjuQA==",
      "dependencies": [
        "@smithy/types",
        "tslib"
      ]
    },
    "@smithy/abort-controller@4.0.4": {
      "integrity": "sha512-gJnEjZMvigPDQWHrW3oPrFhQtkrgqBkyjj3pCIdF3A5M6vsZODG93KNlfJprv6bp4245bdT32fsHK4kkH3KYDA==",
      "dependencies": [
        "@smithy/types",
        "tslib"
      ]
    },
    "@smithy/chunked-blob-reader-native@4.0.0": {
      "integrity": "sha512-R9wM2yPmfEMsUmlMlIgSzOyICs0x9uu7UTHoccMyt7BWw8shcGM8HqB355+BZCPBcySvbTYMs62EgEQkNxz2ig==",
      "dependencies": [
        "@smithy/util-base64",
        "tslib"
      ]
    },
    "@smithy/chunked-blob-reader@5.0.0": {
      "integrity": "sha512-+sKqDBQqb036hh4NPaUiEkYFkTUGYzRsn3EuFhyfQfMy6oGHEUJDurLP9Ufb5dasr/XiAmPNMr6wa9afjQB+Gw==",
      "dependencies": [
        "tslib"
      ]
    },
    "@smithy/config-resolver@4.1.4": {
      "integrity": "sha512-prmU+rDddxHOH0oNcwemL+SwnzcG65sBF2yXRO7aeXIn/xTlq2pX7JLVbkBnVLowHLg4/OL4+jBmv9hVrVGS+w==",
      "dependencies": [
        "@smithy/node-config-provider",
        "@smithy/types",
        "@smithy/util-config-provider",
        "@smithy/util-middleware",
        "tslib"
      ]
    },
    "@smithy/core@3.7.1": {
      "integrity": "sha512-ExRCsHnXFtBPnM7MkfKBPcBBdHw1h/QS/cbNw4ho95qnyNHvnpmGbR39MIAv9KggTr5qSPxRSEL+hRXlyGyGQw==",
      "dependencies": [
        "@smithy/middleware-serde",
        "@smithy/protocol-http",
        "@smithy/types",
        "@smithy/util-base64",
        "@smithy/util-body-length-browser",
        "@smithy/util-middleware",
        "@smithy/util-stream",
        "@smithy/util-utf8@4.0.0",
        "tslib"
      ]
    },
    "@smithy/credential-provider-imds@4.0.6": {
      "integrity": "sha512-hKMWcANhUiNbCJouYkZ9V3+/Qf9pteR1dnwgdyzR09R4ODEYx8BbUysHwRSyex4rZ9zapddZhLFTnT4ZijR4pw==",
      "dependencies": [
        "@smithy/node-config-provider",
        "@smithy/property-provider",
        "@smithy/types",
        "@smithy/url-parser",
        "tslib"
      ]
    },
    "@smithy/eventstream-codec@4.0.4": {
      "integrity": "sha512-7XoWfZqWb/QoR/rAU4VSi0mWnO2vu9/ltS6JZ5ZSZv0eovLVfDfu0/AX4ub33RsJTOth3TiFWSHS5YdztvFnig==",
      "dependencies": [
        "@aws-crypto/crc32",
        "@smithy/types",
        "@smithy/util-hex-encoding",
        "tslib"
      ]
    },
    "@smithy/eventstream-serde-browser@4.0.4": {
      "integrity": "sha512-3fb/9SYaYqbpy/z/H3yIi0bYKyAa89y6xPmIqwr2vQiUT2St+avRt8UKwsWt9fEdEasc5d/V+QjrviRaX1JRFA==",
      "dependencies": [
        "@smithy/eventstream-serde-universal",
        "@smithy/types",
        "tslib"
      ]
    },
    "@smithy/eventstream-serde-config-resolver@4.1.2": {
      "integrity": "sha512-JGtambizrWP50xHgbzZI04IWU7LdI0nh/wGbqH3sJesYToMi2j/DcoElqyOcqEIG/D4tNyxgRuaqBXWE3zOFhQ==",
      "dependencies": [
        "@smithy/types",
        "tslib"
      ]
    },
    "@smithy/eventstream-serde-node@4.0.4": {
      "integrity": "sha512-RD6UwNZ5zISpOWPuhVgRz60GkSIp0dy1fuZmj4RYmqLVRtejFqQ16WmfYDdoSoAjlp1LX+FnZo+/hkdmyyGZ1w==",
      "dependencies": [
        "@smithy/eventstream-serde-universal",
        "@smithy/types",
        "tslib"
      ]
    },
    "@smithy/eventstream-serde-universal@4.0.4": {
      "integrity": "sha512-UeJpOmLGhq1SLox79QWw/0n2PFX+oPRE1ZyRMxPIaFEfCqWaqpB7BU9C8kpPOGEhLF7AwEqfFbtwNxGy4ReENA==",
      "dependencies": [
        "@smithy/eventstream-codec",
        "@smithy/types",
        "tslib"
      ]
    },
    "@smithy/fetch-http-handler@5.1.0": {
      "integrity": "sha512-mADw7MS0bYe2OGKkHYMaqarOXuDwRbO6ArD91XhHcl2ynjGCFF+hvqf0LyQcYxkA1zaWjefSkU7Ne9mqgApSgQ==",
      "dependencies": [
        "@smithy/protocol-http",
        "@smithy/querystring-builder",
        "@smithy/types",
        "@smithy/util-base64",
        "tslib"
      ]
    },
    "@smithy/hash-blob-browser@4.0.4": {
      "integrity": "sha512-WszRiACJiQV3QG6XMV44i5YWlkrlsM5Yxgz4jvsksuu7LDXA6wAtypfPajtNTadzpJy3KyJPoWehYpmZGKUFIQ==",
      "dependencies": [
        "@smithy/chunked-blob-reader",
        "@smithy/chunked-blob-reader-native",
        "@smithy/types",
        "tslib"
      ]
    },
    "@smithy/hash-node@4.0.4": {
      "integrity": "sha512-qnbTPUhCVnCgBp4z4BUJUhOEkVwxiEi1cyFM+Zj6o+aY8OFGxUQleKWq8ltgp3dujuhXojIvJWdoqpm6dVO3lQ==",
      "dependencies": [
        "@smithy/types",
        "@smithy/util-buffer-from@4.0.0",
        "@smithy/util-utf8@4.0.0",
        "tslib"
      ]
    },
    "@smithy/hash-stream-node@4.0.4": {
      "integrity": "sha512-wHo0d8GXyVmpmMh/qOR0R7Y46/G1y6OR8U+bSTB4ppEzRxd1xVAQ9xOE9hOc0bSjhz0ujCPAbfNLkLrpa6cevg==",
      "dependencies": [
        "@smithy/types",
        "@smithy/util-utf8@4.0.0",
        "tslib"
      ]
    },
    "@smithy/invalid-dependency@4.0.4": {
      "integrity": "sha512-bNYMi7WKTJHu0gn26wg8OscncTt1t2b8KcsZxvOv56XA6cyXtOAAAaNP7+m45xfppXfOatXF3Sb1MNsLUgVLTw==",
      "dependencies": [
        "@smithy/types",
        "tslib"
      ]
    },
    "@smithy/is-array-buffer@2.2.0": {
      "integrity": "sha512-GGP3O9QFD24uGeAXYUjwSTXARoqpZykHadOmA8G5vfJPK0/DC67qa//0qvqrJzL1xc8WQWX7/yc7fwudjPHPhA==",
      "dependencies": [
        "tslib"
      ]
    },
    "@smithy/is-array-buffer@4.0.0": {
      "integrity": "sha512-saYhF8ZZNoJDTvJBEWgeBccCg+yvp1CX+ed12yORU3NilJScfc6gfch2oVb4QgxZrGUx3/ZJlb+c/dJbyupxlw==",
      "dependencies": [
        "tslib"
      ]
    },
    "@smithy/md5-js@4.0.4": {
      "integrity": "sha512-uGLBVqcOwrLvGh/v/jw423yWHq/ofUGK1W31M2TNspLQbUV1Va0F5kTxtirkoHawODAZcjXTSGi7JwbnPcDPJg==",
      "dependencies": [
        "@smithy/types",
        "@smithy/util-utf8@4.0.0",
        "tslib"
      ]
    },
    "@smithy/middleware-content-length@4.0.4": {
      "integrity": "sha512-F7gDyfI2BB1Kc+4M6rpuOLne5LOcEknH1n6UQB69qv+HucXBR1rkzXBnQTB2q46sFy1PM/zuSJOB532yc8bg3w==",
      "dependencies": [
        "@smithy/protocol-http",
        "@smithy/types",
        "tslib"
      ]
    },
    "@smithy/middleware-endpoint@4.1.16": {
      "integrity": "sha512-plpa50PIGLqzMR2ANKAw2yOW5YKS626KYKqae3atwucbz4Ve4uQ9K9BEZxDLIFmCu7hKLcrq2zmj4a+PfmUV5w==",
      "dependencies": [
        "@smithy/core",
        "@smithy/middleware-serde",
        "@smithy/node-config-provider",
        "@smithy/shared-ini-file-loader",
        "@smithy/types",
        "@smithy/url-parser",
        "@smithy/util-middleware",
        "tslib"
      ]
    },
    "@smithy/middleware-retry@4.1.17": {
      "integrity": "sha512-gsCimeG6BApj0SBecwa1Be+Z+JOJe46iy3B3m3A8jKJHf7eIihP76Is4LwLrbJ1ygoS7Vg73lfqzejmLOrazUA==",
      "dependencies": [
        "@smithy/node-config-provider",
        "@smithy/protocol-http",
        "@smithy/service-error-classification",
        "@smithy/smithy-client",
        "@smithy/types",
        "@smithy/util-middleware",
        "@smithy/util-retry",
        "tslib",
        "uuid"
      ]
    },
    "@smithy/middleware-serde@4.0.8": {
      "integrity": "sha512-iSSl7HJoJaGyMIoNn2B7czghOVwJ9nD7TMvLhMWeSB5vt0TnEYyRRqPJu/TqW76WScaNvYYB8nRoiBHR9S1Ddw==",
      "dependencies": [
        "@smithy/protocol-http",
        "@smithy/types",
        "tslib"
      ]
    },
    "@smithy/middleware-stack@4.0.4": {
      "integrity": "sha512-kagK5ggDrBUCCzI93ft6DjteNSfY8Ulr83UtySog/h09lTIOAJ/xUSObutanlPT0nhoHAkpmW9V5K8oPyLh+QA==",
      "dependencies": [
        "@smithy/types",
        "tslib"
      ]
    },
    "@smithy/node-config-provider@4.1.3": {
      "integrity": "sha512-HGHQr2s59qaU1lrVH6MbLlmOBxadtzTsoO4c+bF5asdgVik3I8o7JIOzoeqWc5MjVa+vD36/LWE0iXKpNqooRw==",
      "dependencies": [
        "@smithy/property-provider",
        "@smithy/shared-ini-file-loader",
        "@smithy/types",
        "tslib"
      ]
    },
    "@smithy/node-http-handler@4.1.0": {
      "integrity": "sha512-vqfSiHz2v8b3TTTrdXi03vNz1KLYYS3bhHCDv36FYDqxT7jvTll1mMnCrkD+gOvgwybuunh/2VmvOMqwBegxEg==",
      "dependencies": [
        "@smithy/abort-controller",
        "@smithy/protocol-http",
        "@smithy/querystring-builder",
        "@smithy/types",
        "tslib"
      ]
    },
    "@smithy/property-provider@4.0.4": {
      "integrity": "sha512-qHJ2sSgu4FqF4U/5UUp4DhXNmdTrgmoAai6oQiM+c5RZ/sbDwJ12qxB1M6FnP+Tn/ggkPZf9ccn4jqKSINaquw==",
      "dependencies": [
        "@smithy/types",
        "tslib"
      ]
    },
    "@smithy/protocol-http@5.1.2": {
      "integrity": "sha512-rOG5cNLBXovxIrICSBm95dLqzfvxjEmuZx4KK3hWwPFHGdW3lxY0fZNXfv2zebfRO7sJZ5pKJYHScsqopeIWtQ==",
      "dependencies": [
        "@smithy/types",
        "tslib"
      ]
    },
    "@smithy/querystring-builder@4.0.4": {
      "integrity": "sha512-SwREZcDnEYoh9tLNgMbpop+UTGq44Hl9tdj3rf+yeLcfH7+J8OXEBaMc2kDxtyRHu8BhSg9ADEx0gFHvpJgU8w==",
      "dependencies": [
        "@smithy/types",
        "@smithy/util-uri-escape",
        "tslib"
      ]
    },
    "@smithy/querystring-parser@4.0.4": {
      "integrity": "sha512-6yZf53i/qB8gRHH/l2ZwUG5xgkPgQF15/KxH0DdXMDHjesA9MeZje/853ifkSY0x4m5S+dfDZ+c4x439PF0M2w==",
      "dependencies": [
        "@smithy/types",
        "tslib"
      ]
    },
    "@smithy/service-error-classification@4.0.6": {
      "integrity": "sha512-RRoTDL//7xi4tn5FrN2NzH17jbgmnKidUqd4KvquT0954/i6CXXkh1884jBiunq24g9cGtPBEXlU40W6EpNOOg==",
      "dependencies": [
        "@smithy/types"
      ]
    },
    "@smithy/shared-ini-file-loader@4.0.4": {
      "integrity": "sha512-63X0260LoFBjrHifPDs+nM9tV0VMkOTl4JRMYNuKh/f5PauSjowTfvF3LogfkWdcPoxsA9UjqEOgjeYIbhb7Nw==",
      "dependencies": [
        "@smithy/types",
        "tslib"
      ]
    },
    "@smithy/signature-v4@5.1.2": {
      "integrity": "sha512-d3+U/VpX7a60seHziWnVZOHuEgJlclufjkS6zhXvxcJgkJq4UWdH5eOBLzHRMx6gXjsdT9h6lfpmLzbrdupHgQ==",
      "dependencies": [
        "@smithy/is-array-buffer@4.0.0",
        "@smithy/protocol-http",
        "@smithy/types",
        "@smithy/util-hex-encoding",
        "@smithy/util-middleware",
        "@smithy/util-uri-escape",
        "@smithy/util-utf8@4.0.0",
        "tslib"
      ]
    },
    "@smithy/smithy-client@4.4.8": {
      "integrity": "sha512-pcW691/lx7V54gE+dDGC26nxz8nrvnvRSCJaIYD6XLPpOInEZeKdV/SpSux+wqeQ4Ine7LJQu8uxMvobTIBK0w==",
      "dependencies": [
        "@smithy/core",
        "@smithy/middleware-endpoint",
        "@smithy/middleware-stack",
        "@smithy/protocol-http",
        "@smithy/types",
        "@smithy/util-stream",
        "tslib"
      ]
    },
    "@smithy/types@4.3.1": {
      "integrity": "sha512-UqKOQBL2x6+HWl3P+3QqFD4ncKq0I8Nuz9QItGv5WuKuMHuuwlhvqcZCoXGfc+P1QmfJE7VieykoYYmrOoFJxA==",
      "dependencies": [
        "tslib"
      ]
    },
    "@smithy/url-parser@4.0.4": {
      "integrity": "sha512-eMkc144MuN7B0TDA4U2fKs+BqczVbk3W+qIvcoCY6D1JY3hnAdCuhCZODC+GAeaxj0p6Jroz4+XMUn3PCxQQeQ==",
      "dependencies": [
        "@smithy/querystring-parser",
        "@smithy/types",
        "tslib"
      ]
    },
    "@smithy/util-base64@4.0.0": {
      "integrity": "sha512-CvHfCmO2mchox9kjrtzoHkWHxjHZzaFojLc8quxXY7WAAMAg43nuxwv95tATVgQFNDwd4M9S1qFzj40Ul41Kmg==",
      "dependencies": [
        "@smithy/util-buffer-from@4.0.0",
        "@smithy/util-utf8@4.0.0",
        "tslib"
      ]
    },
    "@smithy/util-body-length-browser@4.0.0": {
      "integrity": "sha512-sNi3DL0/k64/LO3A256M+m3CDdG6V7WKWHdAiBBMUN8S3hK3aMPhwnPik2A/a2ONN+9doY9UxaLfgqsIRg69QA==",
      "dependencies": [
        "tslib"
      ]
    },
    "@smithy/util-body-length-node@4.0.0": {
      "integrity": "sha512-q0iDP3VsZzqJyje8xJWEJCNIu3lktUGVoSy1KB0UWym2CL1siV3artm+u1DFYTLejpsrdGyCSWBdGNjJzfDPjg==",
      "dependencies": [
        "tslib"
      ]
    },
    "@smithy/util-buffer-from@2.2.0": {
      "integrity": "sha512-IJdWBbTcMQ6DA0gdNhh/BwrLkDR+ADW5Kr1aZmd4k3DIF6ezMV4R2NIAmT08wQJ3yUK82thHWmC/TnK/wpMMIA==",
      "dependencies": [
        "@smithy/is-array-buffer@2.2.0",
        "tslib"
      ]
    },
    "@smithy/util-buffer-from@4.0.0": {
      "integrity": "sha512-9TOQ7781sZvddgO8nxueKi3+yGvkY35kotA0Y6BWRajAv8jjmigQ1sBwz0UX47pQMYXJPahSKEKYFgt+rXdcug==",
      "dependencies": [
        "@smithy/is-array-buffer@4.0.0",
        "tslib"
      ]
    },
    "@smithy/util-config-provider@4.0.0": {
      "integrity": "sha512-L1RBVzLyfE8OXH+1hsJ8p+acNUSirQnWQ6/EgpchV88G6zGBTDPdXiiExei6Z1wR2RxYvxY/XLw6AMNCCt8H3w==",
      "dependencies": [
        "tslib"
      ]
    },
    "@smithy/util-defaults-mode-browser@4.0.24": {
      "integrity": "sha512-UkQNgaQ+bidw1MgdgPO1z1k95W/v8Ej/5o/T/Is8PiVUYPspl/ZxV6WO/8DrzZQu5ULnmpB9CDdMSRwgRc21AA==",
      "dependencies": [
        "@smithy/property-provider",
        "@smithy/smithy-client",
        "@smithy/types",
        "bowser",
        "tslib"
      ]
    },
    "@smithy/util-defaults-mode-node@4.0.24": {
      "integrity": "sha512-phvGi/15Z4MpuQibTLOYIumvLdXb+XIJu8TA55voGgboln85jytA3wiD7CkUE8SNcWqkkb+uptZKPiuFouX/7g==",
      "dependencies": [
        "@smithy/config-resolver",
        "@smithy/credential-provider-imds",
        "@smithy/node-config-provider",
        "@smithy/property-provider",
        "@smithy/smithy-client",
        "@smithy/types",
        "tslib"
      ]
    },
    "@smithy/util-endpoints@3.0.6": {
      "integrity": "sha512-YARl3tFL3WgPuLzljRUnrS2ngLiUtkwhQtj8PAL13XZSyUiNLQxwG3fBBq3QXFqGFUXepIN73pINp3y8c2nBmA==",
      "dependencies": [
        "@smithy/node-config-provider",
        "@smithy/types",
        "tslib"
      ]
    },
    "@smithy/util-hex-encoding@4.0.0": {
      "integrity": "sha512-Yk5mLhHtfIgW2W2WQZWSg5kuMZCVbvhFmC7rV4IO2QqnZdbEFPmQnCcGMAX2z/8Qj3B9hYYNjZOhWym+RwhePw==",
      "dependencies": [
        "tslib"
      ]
    },
    "@smithy/util-middleware@4.0.4": {
      "integrity": "sha512-9MLKmkBmf4PRb0ONJikCbCwORACcil6gUWojwARCClT7RmLzF04hUR4WdRprIXal7XVyrddadYNfp2eF3nrvtQ==",
      "dependencies": [
        "@smithy/types",
        "tslib"
      ]
    },
    "@smithy/util-retry@4.0.6": {
      "integrity": "sha512-+YekoF2CaSMv6zKrA6iI/N9yva3Gzn4L6n35Luydweu5MMPYpiGZlWqehPHDHyNbnyaYlz/WJyYAZnC+loBDZg==",
      "dependencies": [
        "@smithy/service-error-classification",
        "@smithy/types",
        "tslib"
      ]
    },
    "@smithy/util-stream@4.2.3": {
      "integrity": "sha512-cQn412DWHHFNKrQfbHY8vSFI3nTROY1aIKji9N0tpp8gUABRilr7wdf8fqBbSlXresobM+tQFNk6I+0LXK/YZg==",
      "dependencies": [
        "@smithy/fetch-http-handler",
        "@smithy/node-http-handler",
        "@smithy/types",
        "@smithy/util-base64",
        "@smithy/util-buffer-from@4.0.0",
        "@smithy/util-hex-encoding",
        "@smithy/util-utf8@4.0.0",
        "tslib"
      ]
    },
    "@smithy/util-uri-escape@4.0.0": {
      "integrity": "sha512-77yfbCbQMtgtTylO9itEAdpPXSog3ZxMe09AEhm0dU0NLTalV70ghDZFR+Nfi1C60jnJoh/Re4090/DuZh2Omg==",
      "dependencies": [
        "tslib"
      ]
    },
    "@smithy/util-utf8@2.3.0": {
      "integrity": "sha512-R8Rdn8Hy72KKcebgLiv8jQcQkXoLMOGGv5uI1/k0l+snqkOzQ1R0ChUBCxWMlBsFMekWjq0wRudIweFs7sKT5A==",
      "dependencies": [
        "@smithy/util-buffer-from@2.2.0",
        "tslib"
      ]
    },
    "@smithy/util-utf8@4.0.0": {
      "integrity": "sha512-b+zebfKCfRdgNJDknHCob3O7FpeYQN6ZG6YLExMcasDHsCXlsXCEuiPZeLnJLpwa5dvPetGlnGCiMHuLwGvFow==",
      "dependencies": [
        "@smithy/util-buffer-from@4.0.0",
        "tslib"
      ]
    },
    "@smithy/util-waiter@4.0.6": {
      "integrity": "sha512-slcr1wdRbX7NFphXZOxtxRNA7hXAAtJAXJDE/wdoMAos27SIquVCKiSqfB6/28YzQ8FCsB5NKkhdM5gMADbqxg==",
      "dependencies": [
        "@smithy/abort-controller",
        "@smithy/types",
        "tslib"
      ]
    },
    "@types/uuid@9.0.8": {
      "integrity": "sha512-jg+97EGIcY9AGHJJRaaPVgetKDsrTgbRjQ5Msgjh/DQKEFl0DtyRr/VCOyD1T2R1MNeWPK/u7JoGhlDZnKBAfA=="
    },
    "bowser@2.11.0": {
      "integrity": "sha512-AlcaJBi/pqqJBIQ8U9Mcpc9i8Aqxn88Skv5d+xBX006BY5u8N3mGLHa5Lgppa7L/HfwgwLgZ6NYs+Ag6uUmJRA=="
    },
    "fast-xml-parser@5.2.5": {
      "integrity": "sha512-pfX9uG9Ki0yekDHx2SiuRIyFdyAr1kMIMitPvb0YBo8SUfKvia7w7FIyd/l6av85pFYRhZscS75MwMnbvY+hcQ==",
      "dependencies": [
        "strnum"
      ],
      "bin": true
    },
    "strnum@2.1.1": {
      "integrity": "sha512-7ZvoFTiCnGxBtDqJ//Cu6fWtZtc7Y3x+QOirG15wztbdngGSkht27o2pyGWrVy0b4WAy3jbKmnoK6g5VlVNUUw=="
    },
    "tslib@2.8.1": {
      "integrity": "sha512-oJFu94HQb+KVduSUQL7wnpmqnfmLsOA/nAh6b6EH0wCEoK0/mPeXU6c3wKDV83MkOuHPRHtSXKKU99IBazS/2w=="
    },
    "uuid@9.0.1": {
      "integrity": "sha512-b+1eJOlsR9K8HJpow9Ok3fiWOWSIcIzXodvv0rQjVoOVNpWMpxf1wZNpt4y9h10odCNrqnYp1OBzRktckBe3sA==",
      "bin": true
    }
  },
  "workspace": {
    "dependencies": [
      "jsr:@std/cli@1",
      "jsr:@std/dotenv@0.225",
      "npm:@aws-sdk/client-s3@3"
    ]
  }
}
